
Microsoft Visual Studio Solution File, Format Version 12.00
# Visual Studio 2012
Project("{FAE04EC0-301F-11D3-BF4B-00C04F79EFBC}") = "bkwdesign.web.math", "bkwdesign.web.fibonacci\bkwdesign.web.math.csproj", "{7F5E36A6-AC3A-4A90-AA5C-E49F80307FC8}"
EndProject
Project("{FAE04EC0-301F-11D3-BF4B-00C04F79EFBC}") = "bkwdesign.web.math.tests", "bkwdesign.web.fibonacci.tests\bkwdesign.web.math.tests.csproj", "{9AE6510E-7639-4E97-8F93-5F6F679C9398}"
EndProject
Project("{FAE04EC0-301F-11D3-BF4B-00C04F79EFBC}") = "bkwdesign.math", "bkwdesign.math\bkwdesign.math.csproj", "{C0EAE296-D299-42F0-B0EC-43D7F9D41E25}"
EndProject
Global
	GlobalSection(SolutionConfigurationPlatforms) = preSolution
		Debug|Any CPU = Debug|Any CPU
		Release|Any CPU = Release|Any CPU
	EndGlobalSection
	GlobalSection(ProjectConfigurationPlatforms) = postSolution
		{7F5E36A6-AC3A-4A90-AA5C-E49F80307FC8}.Debug|Any CPU.ActiveCfg = Debug|Any CPU
		{7F5E36A6-AC3A-4A90-AA5C-E49F80307FC8}.Debug|Any CPU.Build.0 = Debug|Any CPU
		{7F5E36A6-AC3A-4A90-AA5C-E49F80307FC8}.Release|Any CPU.ActiveCfg = Release|Any CPU
		{7F5E36A6-AC3A-4A90-AA5C-E49F80307FC8}.Release|Any CPU.Build.0 = Release|Any CPU
		{9AE6510E-7639-4E97-8F93-5F6F679C9398}.Debug|Any CPU.ActiveCfg = Debug|Any CPU
		{9AE6510E-7639-4E97-8F93-5F6F679C9398}.Debug|Any CPU.Build.0 = Debug|Any CPU
		{9AE6510E-7639-4E97-8F93-5F6F679C9398}.Release|Any CPU.ActiveCfg = Release|Any CPU
		{9AE6510E-7639-4E97-8F93-5F6F679C9398}.Release|Any CPU.Build.0 = Release|Any CPU
		{C0EAE296-D299-42F0-B0EC-43D7F9D41E25}.Debug|Any CPU.ActiveCfg = Debug|Any CPU
		{C0EAE296-D299-42F0-B0EC-43D7F9D41E25}.Debug|Any CPU.Build.0 = Debug|Any CPU
		{C0EAE296-D299-42F0-B0EC-43D7F9D41E25}.Release|Any CPU.ActiveCfg = Release|Any CPU
		{C0EAE296-D299-42F0-B0EC-43D7F9D41E25}.Release|Any CPU.Build.0 = Release|Any CPU
	EndGlobalSection
	GlobalSection(SolutionProperties) = preSolution
		HideSolutionNode = FALSE
	EndGlobalSection
EndGlobal
